dependencies:
  idf:
    source:
      type: idf
    version: 5.4.0
  joltwallet/littlefs:
    component_hash: 3af20a3d75c49db9dc2286fd50862c34055c9f578419ad1f2bf7ed3ed01391fe
    dependencies:
    - name: idf
      require: private
      version: '>=5.0'
    source:
      registry_url: https://components.espressif.com/
      type: service
    version: 1.22.3
direct_dependencies:
- joltwallet/littlefs
manifest_hash: b2e36229e7288dc5144510a158b06028a67a805efaafc38c13fd7253026aecc7
target: esp32
version: 2.0.0
